
Microsoft Visual Studio Solution File, Format Version 12.00
# Visual Studio Version 16
VisualStudioVersion = 16.0.31624.102
MinimumVisualStudioVersion = 10.0.40219.1
Project("{FAE04EC0-301F-11D3-BF4B-00C04F79EFBC}") = "ConsoleAppFactorialRecursion", "ConsoleAppFactorialRecursion\ConsoleAppFactorialRecursion.csproj", "{3C50AB86-5A13-4C56-A1E7-BE615796942F}"
EndProject
Global
	GlobalSection(SolutionConfigurationPlatforms) = preSolution
		Debug|Any CPU = Debug|Any CPU
		Release|Any CPU = Release|Any CPU
	EndGlobalSection
	GlobalSection(ProjectConfigurationPlatforms) = postSolution
		{3C50AB86-5A13-4C56-A1E7-BE615796942F}.Debug|Any CPU.ActiveCfg = Debug|Any CPU
		{3C50AB86-5A13-4C56-A1E7-BE615796942F}.Debug|Any CPU.Build.0 = Debug|Any CPU
		{3C50AB86-5A13-4C56-A1E7-BE615796942F}.Release|Any CPU.ActiveCfg = Release|Any CPU
		{3C50AB86-5A13-4C56-A1E7-BE615796942F}.Release|Any CPU.Build.0 = Release|Any CPU
	EndGlobalSection
	GlobalSection(SolutionProperties) = preSolution
		HideSolutionNode = FALSE
	EndGlobalSection
	GlobalSection(ExtensibilityGlobals) = postSolution
		SolutionGuid = {C09920A4-E32F-4C82-AFF7-C21C3AE34BF9}
	EndGlobalSection
EndGlobal
